
Microsoft Visual Studio Solution File, Format Version 12.00
# Visual Studio Version 16
VisualStudioVersion = 16.0.30804.86
MinimumVisualStudioVersion = 10.0.40219.1
Project("{FAE04EC0-301F-11D3-BF4B-00C04F79EFBC}") = "GörselProgramlamaProjesi", "GörselProgramlamaProjesi\GörselProgramlamaProjesi.csproj", "{4812D2A8-91ED-4D29-98BA-49E874EA698F}"
EndProject
Global
	GlobalSection(SolutionConfigurationPlatforms) = preSolution
		Debug|Any CPU = Debug|Any CPU
		Release|Any CPU = Release|Any CPU
	EndGlobalSection
	GlobalSection(ProjectConfigurationPlatforms) = postSolution
		{4812D2A8-91ED-4D29-98BA-49E874EA698F}.Debug|Any CPU.ActiveCfg = Debug|Any CPU
		{4812D2A8-91ED-4D29-98BA-49E874EA698F}.Debug|Any CPU.Build.0 = Debug|Any CPU
		{4812D2A8-91ED-4D29-98BA-49E874EA698F}.Release|Any CPU.ActiveCfg = Release|Any CPU
		{4812D2A8-91ED-4D29-98BA-49E874EA698F}.Release|Any CPU.Build.0 = Release|Any CPU
	EndGlobalSection
	GlobalSection(SolutionProperties) = preSolution
		HideSolutionNode = FALSE
	EndGlobalSection
	GlobalSection(ExtensibilityGlobals) = postSolution
		SolutionGuid = {94695CA6-8532-483B-BA4D-5ED5FFA9C766}
	EndGlobalSection
EndGlobal
